
Microsoft Visual Studio Solution File, Format Version 12.00
# Visual Studio Version 16
VisualStudioVersion = 16.0.28803.156
MinimumVisualStudioVersion = 10.0.40219.1
Project("{9A19103F-16F7-4668-BE54-9A1E7A4F7556}") = "GOBBlockchain", "GOBBlockchain\GOBBlockchain.csproj", "{44CA4F1D-C303-4F03-AD8E-FE930AEFD7B0}"
EndProject
Global
	GlobalSection(SolutionConfigurationPlatforms) = preSolution
		Debug|Any CPU = Debug|Any CPU
		Release|Any CPU = Release|Any CPU
	EndGlobalSection
	GlobalSection(ProjectConfigurationPlatforms) = postSolution
		{44CA4F1D-C303-4F03-AD8E-FE930AEFD7B0}.Debug|Any CPU.ActiveCfg = Debug|Any CPU
		{44CA4F1D-C303-4F03-AD8E-FE930AEFD7B0}.Debug|Any CPU.Build.0 = Debug|Any CPU
		{44CA4F1D-C303-4F03-AD8E-FE930AEFD7B0}.Release|Any CPU.ActiveCfg = Release|Any CPU
		{44CA4F1D-C303-4F03-AD8E-FE930AEFD7B0}.Release|Any CPU.Build.0 = Release|Any CPU
	EndGlobalSection
	GlobalSection(SolutionProperties) = preSolution
		HideSolutionNode = FALSE
	EndGlobalSection
	GlobalSection(ExtensibilityGlobals) = postSolution
		SolutionGuid = {5DBE38CD-AE17-4334-B295-BC1E5BCEC6DA}
	EndGlobalSection
EndGlobal
